Microsoft Visual Studio Solution File, Format Version 12.00
# Visual Studio Version 17
VisualStudioVersion = 17.5.2.0
MinimumVisualStudioVersion = 10.0.40219.1
Project("{FAE04EC0-301F-11D3-BF4B-00C04F79EFBC}") = "eventstore-net", "eventstore-net.csproj", "{51FFCC2A-AA53-A739-D5E0-2044F4B144BE}"
EndProject
Global
	GlobalSection(SolutionConfigurationPlatforms) = preSolution
		Debug|Any CPU = Debug|Any CPU
		Release|Any CPU = Release|Any CPU
	EndGlobalSection
	GlobalSection(ProjectConfigurationPlatforms) = postSolution
		{51FFCC2A-AA53-A739-D5E0-2044F4B144BE}.Debug|Any CPU.ActiveCfg = Debug|Any CPU
		{51FFCC2A-AA53-A739-D5E0-2044F4B144BE}.Debug|Any CPU.Build.0 = Debug|Any CPU
		{51FFCC2A-AA53-A739-D5E0-2044F4B144BE}.Release|Any CPU.ActiveCfg = Release|Any CPU
		{51FFCC2A-AA53-A739-D5E0-2044F4B144BE}.Release|Any CPU.Build.0 = Release|Any CPU
	EndGlobalSection
	GlobalSection(SolutionProperties) = preSolution
		HideSolutionNode = FALSE
	EndGlobalSection
	GlobalSection(ExtensibilityGlobals) = postSolution
		SolutionGuid = {55B4D176-FD3F-4C3A-9595-50C66807957A}
	EndGlobalSection
EndGlobal
